<?xml version="1.0" encoding="utf-8"?>
<Project ToolsVersion="4.0" xmlns="http://schemas.microsoft.com/developer/msbuild/2003">
  <ItemGroup>
    <Filter Include="Source Files">
      <UniqueIdentifier>{4FC737F1-C7A5-4376-A066-2A32D752A2FF}</UniqueIdentifier>
      <Extensions>cpp;c;cc;cxx;def;odl;idl;hpj;bat;asm;asmx</Extensions>
    </Filter>
    <Filter Include="Header Files">
      <UniqueIdentifier>{93995380-89BD-4b04-88EB-625FBE52EBFB}</UniqueIdentifier>
      <Extensions>h;hh;hpp;hxx;hm;inl;inc;xsd</Extensions>
    </Filter>
    <Filter Include="Resource Files">
      <UniqueIdentifier>{67DA6AB6-F800-4c08-8B7A-83BB121AAD01}</UniqueIdentifier>
      <Extensions>rc;ico;cur;bmp;dlg;rc2;rct;bin;rgs;gif;jpg;jpeg;jpe;resx;tiff;tif;png;wav</Extensions>
    </Filter>
  </ItemGroup>
  <ItemGroup>
    <ClCompile Include="testDriver.cpp">
      <Filter>Source Files</Filter>
    </ClCompile>
    <ClCompile Include="character\character.cpp">
      <Filter>Source Files</Filter>
    </ClCompile>
    <ClCompile Include="character\characterTestDriver.cpp">
      <Filter>Source Files</Filter>
    </ClCompile>
    <ClCompile Include="character\dice.cpp">
      <Filter>Source Files</Filter>
    </ClCompile>
    <ClCompile Include="character\fighter.cpp">
      <Filter>Source Files</Filter>
    </ClCompile>
    <ClCompile Include="dice\dice2.cpp">
      <Filter>Source Files</Filter>
    </ClCompile>
    <ClCompile Include="dice\diceTestDriver.cpp">
      <Filter>Source Files</Filter>
    </ClCompile>
    <ClCompile Include="item\Item.cpp">
      <Filter>Source Files</Filter>
    </ClCompile>
    <ClCompile Include="item\itemTestDriver.cpp">
      <Filter>Source Files</Filter>
    </ClCompile>
    <ClCompile Include="map\cell.cpp">
      <Filter>Source Files</Filter>
    </ClCompile>
    <ClCompile Include="map\gameMap.cpp">
      <Filter>Source Files</Filter>
    </ClCompile>
    <ClCompile Include="map\gameMapDriver.cpp">
      <Filter>Source Files</Filter>
    </ClCompile>
    <ClCompile Include="Character\Observer.cpp">
      <Filter>Source Files</Filter>
    </ClCompile>
    <ClCompile Include="Character\Player.cpp">
      <Filter>Source Files</Filter>
    </ClCompile>
    <ClCompile Include="Character\Subject.cpp">
      <Filter>Source Files</Filter>
    </ClCompile>
    <ClCompile Include="MapBuilder\MapBuilder.cpp">
      <Filter>Source Files</Filter>
    </ClCompile>
    <ClCompile Include="SubjectObserver\subjectObserver.cpp">
      <Filter>Source Files</Filter>
    </ClCompile>
    <ClCompile Include="Map\campaign.cpp">
      <Filter>Source Files</Filter>
    </ClCompile>
    <ClCompile Include="GameController\GameLoop.cpp">
      <Filter>Source Files</Filter>
    </ClCompile>
    <ClCompile Include="Character\CharacterBuilder.cpp">
      <Filter>Source Files</Filter>
    </ClCompile>
    <ClCompile Include="Character\CharacterStrategy.cpp">
      <Filter>Source Files</Filter>
    </ClCompile>
    <ClCompile Include="Character\DungeonMaster.cpp">
      <Filter>Source Files</Filter>
    </ClCompile>
    <ClCompile Include="Character\archer.cpp">
      <Filter>Source Files</Filter>
    </ClCompile>
    <ClCompile Include="Character\hunter.cpp">
      <Filter>Source Files</Filter>
    </ClCompile>
    <ClCompile Include="Character\monster.cpp">
      <Filter>Source Files</Filter>
    </ClCompile>
    <ClCompile Include="Character\doctor.cpp">
      <Filter>Source Files</Filter>
    </ClCompile>
    <ClCompile Include="GameLogger.cpp">
      <Filter>Source Files</Filter>
    </ClCompile>
    <ClCompile Include="GameFileWriter.cpp">
      <Filter>Source Files</Filter>
    </ClCompile>
  </ItemGroup>
  <ItemGroup>
    <ClInclude Include="character\character.h">
      <Filter>Header Files</Filter>
    </ClInclude>
    <ClInclude Include="character\characterTestDriver.h">
      <Filter>Header Files</Filter>
    </ClInclude>
    <ClInclude Include="character\dice.h">
      <Filter>Header Files</Filter>
    </ClInclude>
    <ClInclude Include="character\fighter.h">
      <Filter>Header Files</Filter>
    </ClInclude>
    <ClInclude Include="character\Observer.h">
      <Filter>Header Files</Filter>
    </ClInclude>
    <ClInclude Include="character\Subject.h">
      <Filter>Header Files</Filter>
    </ClInclude>
    <ClInclude Include="dice\dice2.h">
      <Filter>Header Files</Filter>
    </ClInclude>
    <ClInclude Include="dice\diceTestDriver.h">
      <Filter>Header Files</Filter>
    </ClInclude>
    <ClInclude Include="item\Item.h">
      <Filter>Header Files</Filter>
    </ClInclude>
    <ClInclude Include="item\itemTestDriver.h">
      <Filter>Header Files</Filter>
    </ClInclude>
    <ClInclude Include="map\cell.h">
      <Filter>Header Files</Filter>
    </ClInclude>
    <ClInclude Include="map\gameMap.h">
      <Filter>Header Files</Filter>
    </ClInclude>
    <ClInclude Include="map\gameMapDriver.h">
      <Filter>Header Files</Filter>
    </ClInclude>
    <ClInclude Include="Character\Player.h">
      <Filter>Header Files</Filter>
    </ClInclude>
    <ClInclude Include="MapBuilder\MapBuilder.h">
      <Filter>Header Files</Filter>
    </ClInclude>
    <ClInclude Include="SubjectObserver\subjectObserver.h">
      <Filter>Header Files</Filter>
    </ClInclude>
    <ClInclude Include="Map\campaign.h">
      <Filter>Header Files</Filter>
    </ClInclude>
    <ClInclude Include="GameController\GameLoop.h">
      <Filter>Header Files</Filter>
    </ClInclude>
    <ClInclude Include="Character\CharacterBuilder.h">
      <Filter>Header Files</Filter>
    </ClInclude>
    <ClInclude Include="Character\CharacterStrategy.h">
      <Filter>Header Files</Filter>
    </ClInclude>
    <ClInclude Include="Character\DungeonMaster.h">
      <Filter>Header Files</Filter>
    </ClInclude>
    <ClInclude Include="Character\archer.h">
      <Filter>Header Files</Filter>
    </ClInclude>
    <ClInclude Include="Character\hunter.h">
      <Filter>Header Files</Filter>
    </ClInclude>
    <ClInclude Include="Character\monster.h">
      <Filter>Header Files</Filter>
    </ClInclude>
    <ClInclude Include="Character\doctor.h">
      <Filter>Header Files</Filter>
    </ClInclude>
    <ClInclude Include="GameLogger.h">
      <Filter>Header Files</Filter>
    </ClInclude>
    <ClInclude Include="GameObserver.h">
      <Filter>Header Files</Filter>
    </ClInclude>
    <ClInclude Include="GameFileWriter.h">
      <Filter>Header Files</Filter>
    </ClInclude>
  </ItemGroup>
</Project>